<?xml version="1.0" encoding="UTF-8" standalone="yes" ?>
<CodeBlocks_project_file>
	<FileVersion major="1" minor="6" />
	<Project>
		<Option title="OpenGLPractice" />
		<Option pch_mode="2" />
		<Option compiler="gcc" />
		<Build>
			<Target title="Debug">
				<Option output="bin/Debug/OpenGLPractice" prefix_auto="1" extension_auto="1" />
				<Option object_output="obj/Debug/" />
				<Option type="1" />
				<Option compiler="gcc" />
				<Compiler>
					<Add option="-g" />
					<Add directory="../Graphics" />
					<Add directory="../OpenGLPractice" />
				</Compiler>
			</Target>
			<Target title="Release">
				<Option output="bin/Release/OpenGLPractice" prefix_auto="1" extension_auto="1" />
				<Option object_output="obj/Release/" />
				<Option type="1" />
				<Option compiler="gcc" />
				<Compiler>
					<Add option="-Os" />
					<Add option="-std=c++11" />
					<Add directory="../Graphics" />
					<Add directory="../OpenGLPractice" />
				</Compiler>
				<Linker>
					<Add option="-s" />
				</Linker>
			</Target>
		</Build>
		<Compiler>
			<Add option="-std=c++11" />
			<Add option="-Wall" />
			<Add option="-fexceptions" />
			<Add directory="libs_32/SDL2/include" />
			<Add directory="libs_32/glew/include" />
			<Add directory="libs_32/glm/include" />
		</Compiler>
		<Linker>
			<Add option="-lmingw32 -lSDL2main -lSDL2 -lopengl32" />
			<Add option="-lglew32 -lglew32mx" />
			<Add directory="libs_32/SDL2/lib" />
			<Add directory="libs_32/glew/lib" />
		</Linker>
		<ExtraCommands>
			<Add after='cmd /c copy &quot;.\libs_32\SDL2\bin&quot; &quot;$(TARGET_OUTPUT_DIR)&quot;' />
			<Add after='cmd /c copy &quot;.\libs_32\glew\bin&quot; &quot;$(TARGET_OUTPUT_DIR)&quot;' />
			<Add after='cmd /c xcopy &quot;.\res&quot; &quot;$(TARGET_OUTPUT_DIR)res&quot; /E /Y /I' />
		</ExtraCommands>
		<Unit filename="display.cpp" />
		<Unit filename="display.h" />
		<Unit filename="main.cpp" />
		<Unit filename="mesh.cpp" />
		<Unit filename="mesh.h" />
		<Unit filename="model.cpp" />
		<Unit filename="model.h" />
		<Unit filename="shader.cpp" />
		<Unit filename="shader.h" />
		<Extensions>
			<code_completion />
			<envvars />
			<debugger />
		</Extensions>
	</Project>
</CodeBlocks_project_file>
